<?xml version="1.0" encoding="utf-8"?>
<Project ToolsVersion="4.0" xmlns="http://schemas.microsoft.com/developer/msbuild/2003">
  <ItemGroup>
    <ClCompile Include="..\..\openGL\glad.c" />
    <ClCompile Include="EBO.cpp">
      <Filter>Source Files</Filter>
    </ClCompile>
    <ClCompile Include="shaderClass.cpp">
      <Filter>Source Files</Filter>
    </ClCompile>
    <ClCompile Include="Source.cpp">
      <Filter>Source Files</Filter>
    </ClCompile>
    <ClCompile Include="Texture.cpp">
      <Filter>Source Files</Filter>
    </ClCompile>
    <ClCompile Include="stb.cpp">
      <Filter>Source Files</Filter>
    </ClCompile>
    <ClCompile Include="VAO.cpp">
      <Filter>Source Files</Filter>
    </ClCompile>
    <ClCompile Include="VBO.cpp">
      <Filter>Source Files</Filter>
    </ClCompile>
  </ItemGroup>
  <ItemGroup>
    <ClInclude Include="Texture.h">
      <Filter>Header Files</Filter>
    </ClInclude>
    <ClInclude Include="VAO.h">
      <Filter>Header Files</Filter>
    </ClInclude>
    <ClInclude Include="VBO.h">
      <Filter>Header Files</Filter>
    </ClInclude>
    <ClInclude Include="shaderClass.h">
      <Filter>Header Files</Filter>
    </ClInclude>
    <ClInclude Include="EBO.h">
      <Filter>Header Files</Filter>
    </ClInclude>
  </ItemGroup>
  <ItemGroup>
    <Image Include="titleScreen.png">
      <Filter>Resource Files</Filter>
    </Image>
    <Image Include="ship.png">
      <Filter>Resource Files</Filter>
    </Image>
    <Image Include="enemy1.png">
      <Filter>Resource Files</Filter>
    </Image>
    <Image Include="endScreen.png">
      <Filter>Resource Files</Filter>
    </Image>
    <Image Include="cannon.png">
      <Filter>Resource Files</Filter>
    </Image>
    <Image Include="bullet.png">
      <Filter>Resource Files</Filter>
    </Image>
    <Image Include="background.png">
      <Filter>Resource Files</Filter>
    </Image>
  </ItemGroup>
  <ItemGroup>
    <None Include="grayScale.fs">
      <Filter>Resource Files</Filter>
    </None>
    <None Include="players.fs">
      <Filter>Resource Files</Filter>
    </None>
    <None Include="players.vs">
      <Filter>Resource Files</Filter>
    </None>
    <None Include="texture.fs">
      <Filter>Resource Files</Filter>
    </None>
    <None Include="texture.vs">
      <Filter>Resource Files</Filter>
    </None>
  </ItemGroup>
  <ItemGroup>
    <Filter Include="Source Files">
      <UniqueIdentifier>{f8785509-4801-4b20-a4b0-2dc550eb8338}</UniqueIdentifier>
    </Filter>
    <Filter Include="Header Files">
      <UniqueIdentifier>{57764773-66f9-4abd-bb8e-adf5cc828433}</UniqueIdentifier>
    </Filter>
    <Filter Include="Resource Files">
      <UniqueIdentifier>{9b734486-380c-4ea5-8a5e-98c1da01c73c}</UniqueIdentifier>
    </Filter>
  </ItemGroup>
</Project>